
Microsoft Visual Studio Solution File, Format Version 12.00
# Visual Studio 15
VisualStudioVersion = 15.0.28307.168
MinimumVisualStudioVersion = 10.0.40219.1
Project("{FAE04EC0-301F-11D3-BF4B-00C04F79EFBC}") = "PerfectlyBalanced", "PerfectlyBalanced\PerfectlyBalanced.csproj", "{53CC98C8-843F-40A3-B9DD-4D6B9E22852C}"
EndProject
Global
	GlobalSection(SolutionConfigurationPlatforms) = preSolution
		Debug|Any CPU = Debug|Any CPU
		Release|Any CPU = Release|Any CPU
	EndGlobalSection
	GlobalSection(ProjectConfigurationPlatforms) = postSolution
		{53CC98C8-843F-40A3-B9DD-4D6B9E22852C}.Debug|Any CPU.ActiveCfg = Debug|Any CPU
		{53CC98C8-843F-40A3-B9DD-4D6B9E22852C}.Debug|Any CPU.Build.0 = Debug|Any CPU
		{53CC98C8-843F-40A3-B9DD-4D6B9E22852C}.Release|Any CPU.ActiveCfg = Release|Any CPU
		{53CC98C8-843F-40A3-B9DD-4D6B9E22852C}.Release|Any CPU.Build.0 = Release|Any CPU
	EndGlobalSection
	GlobalSection(SolutionProperties) = preSolution
		HideSolutionNode = FALSE
	EndGlobalSection
	GlobalSection(ExtensibilityGlobals) = postSolution
		SolutionGuid = {92D44EED-842D-43B9-BC44-09D5D599DB6A}
	EndGlobalSection
EndGlobal
